
Microsoft Visual Studio Solution File, Format Version 12.00
# Visual Studio Version 16
VisualStudioVersion = 16.0.30204.135
MinimumVisualStudioVersion = 10.0.40219.1
Project("{9A19103F-16F7-4668-BE54-9A1E7A4F7556}") = "AssimpNet", "AssimpNet\AssimpNet.csproj", "{3415FF29-C0BE-44FC-AD34-94796118E690}"
	ProjectSection(ProjectDependencies) = postProject
		{EA4EF0BE-B8A9-4149-8B5A-7E353AD628C0} = {EA4EF0BE-B8A9-4149-8B5A-7E353AD628C0}
	EndProjectSection
EndProject
Project("{9A19103F-16F7-4668-BE54-9A1E7A4F7556}") = "AssimpNet.Test", "AssimpNet.Test\AssimpNet.Test.csproj", "{72D6BF28-1217-405E-BE22-DFDFC37BC805}"
EndProject
Project("{9A19103F-16F7-4668-BE54-9A1E7A4F7556}") = "AssimpNet.Sample", "AssimpNet.Sample\AssimpNet.Sample.csproj", "{67282517-89C5-4F57-AF65-D80E8B16BB95}"
	ProjectSection(ProjectDependencies) = postProject
		{3415FF29-C0BE-44FC-AD34-94796118E690} = {3415FF29-C0BE-44FC-AD34-94796118E690}
	EndProjectSection
EndProject
Project("{9A19103F-16F7-4668-BE54-9A1E7A4F7556}") = "AssimpNet.Interop.Generator", "AssimpNet.Interop.Generator\AssimpNet.Interop.Generator.csproj", "{EA4EF0BE-B8A9-4149-8B5A-7E353AD628C0}"
EndProject
Project("{2150E333-8FDC-42A3-9474-1A3956D46DE8}") = "Solution Items", "Solution Items", "{3900F88A-1DD2-4C08-ACAE-FA1CA8FC2B6A}"
	ProjectSection(SolutionItems) = preProject
		.editorconfig = .editorconfig
	EndProjectSection
EndProject
Global
	GlobalSection(SolutionConfigurationPlatforms) = preSolution
		NetStandard20-Debug|Any CPU = NetStandard20-Debug|Any CPU
		NetStandard20-Release|Any CPU = NetStandard20-Release|Any CPU
	EndGlobalSection
	GlobalSection(ProjectConfigurationPlatforms) = postSolution
		{3415FF29-C0BE-44FC-AD34-94796118E690}.NetStandard20-Debug|Any CPU.ActiveCfg = Debug|Any CPU
		{3415FF29-C0BE-44FC-AD34-94796118E690}.NetStandard20-Debug|Any CPU.Build.0 = Debug|Any CPU
		{3415FF29-C0BE-44FC-AD34-94796118E690}.NetStandard20-Release|Any CPU.ActiveCfg = Release|Any CPU
		{3415FF29-C0BE-44FC-AD34-94796118E690}.NetStandard20-Release|Any CPU.Build.0 = Release|Any CPU
		{72D6BF28-1217-405E-BE22-DFDFC37BC805}.NetStandard20-Debug|Any CPU.ActiveCfg = Debug|Any CPU
		{72D6BF28-1217-405E-BE22-DFDFC37BC805}.NetStandard20-Debug|Any CPU.Build.0 = Debug|Any CPU
		{72D6BF28-1217-405E-BE22-DFDFC37BC805}.NetStandard20-Release|Any CPU.ActiveCfg = Release|Any CPU
		{72D6BF28-1217-405E-BE22-DFDFC37BC805}.NetStandard20-Release|Any CPU.Build.0 = Release|Any CPU
		{67282517-89C5-4F57-AF65-D80E8B16BB95}.NetStandard20-Debug|Any CPU.ActiveCfg = Debug|Any CPU
		{67282517-89C5-4F57-AF65-D80E8B16BB95}.NetStandard20-Debug|Any CPU.Build.0 = Debug|Any CPU
		{67282517-89C5-4F57-AF65-D80E8B16BB95}.NetStandard20-Release|Any CPU.ActiveCfg = Release|Any CPU
		{67282517-89C5-4F57-AF65-D80E8B16BB95}.NetStandard20-Release|Any CPU.Build.0 = Release|Any CPU
		{EA4EF0BE-B8A9-4149-8B5A-7E353AD628C0}.NetStandard20-Debug|Any CPU.ActiveCfg = Debug|Any CPU
		{EA4EF0BE-B8A9-4149-8B5A-7E353AD628C0}.NetStandard20-Debug|Any CPU.Build.0 = Debug|Any CPU
		{EA4EF0BE-B8A9-4149-8B5A-7E353AD628C0}.NetStandard20-Release|Any CPU.ActiveCfg = Release|Any CPU
		{EA4EF0BE-B8A9-4149-8B5A-7E353AD628C0}.NetStandard20-Release|Any CPU.Build.0 = Release|Any CPU
	EndGlobalSection
	GlobalSection(SolutionProperties) = preSolution
		HideSolutionNode = FALSE
	EndGlobalSection
	GlobalSection(ExtensibilityGlobals) = postSolution
		SolutionGuid = {40068DB9-A5D7-4053-AC8A-B781DCCA71A2}
	EndGlobalSection
	GlobalSection(SubversionScc) = preSolution
		Svn-Managed = True
		Manager = AnkhSVN - Subversion Support for Visual Studio
	EndGlobalSection
EndGlobal
